
Microsoft Visual Studio Solution File, Format Version 12.00
# Visual Studio Version 17
VisualStudioVersion = 17.7.34003.232
MinimumVisualStudioVersion = 10.0.40219.1
Project("{FAE04EC0-301F-11D3-BF4B-00C04F79EFBC}") = "WaCollaborative.Shared", "WaCollaborative.Shared\WaCollaborative.Shared.csproj", "{F3880DAD-54B7-48EA-9649-E12A9179C8CD}"
EndProject
Project("{FAE04EC0-301F-11D3-BF4B-00C04F79EFBC}") = "WaCollaborative.Backend", "WaCollaborative.Backend\WaCollaborative.Backend.csproj", "{011C6397-7A17-459E-A276-82342ED33E79}"
EndProject
Project("{FAE04EC0-301F-11D3-BF4B-00C04F79EFBC}") = "WaCollaborative.Frontend", "WaCollaborative.Frontend\WaCollaborative.Frontend.csproj", "{896D6874-D6BD-4377-93D8-DDF753D2F981}"
EndProject
Global
	GlobalSection(SolutionConfigurationPlatforms) = preSolution
		Debug|Any CPU = Debug|Any CPU
		Release|Any CPU = Release|Any CPU
	EndGlobalSection
	GlobalSection(ProjectConfigurationPlatforms) = postSolution
		{F3880DAD-54B7-48EA-9649-E12A9179C8CD}.Debug|Any CPU.ActiveCfg = Debug|Any CPU
		{F3880DAD-54B7-48EA-9649-E12A9179C8CD}.Debug|Any CPU.Build.0 = Debug|Any CPU
		{F3880DAD-54B7-48EA-9649-E12A9179C8CD}.Release|Any CPU.ActiveCfg = Release|Any CPU
		{F3880DAD-54B7-48EA-9649-E12A9179C8CD}.Release|Any CPU.Build.0 = Release|Any CPU
		{011C6397-7A17-459E-A276-82342ED33E79}.Debug|Any CPU.ActiveCfg = Debug|Any CPU
		{011C6397-7A17-459E-A276-82342ED33E79}.Debug|Any CPU.Build.0 = Debug|Any CPU
		{011C6397-7A17-459E-A276-82342ED33E79}.Release|Any CPU.ActiveCfg = Release|Any CPU
		{011C6397-7A17-459E-A276-82342ED33E79}.Release|Any CPU.Build.0 = Release|Any CPU
		{896D6874-D6BD-4377-93D8-DDF753D2F981}.Debug|Any CPU.ActiveCfg = Debug|Any CPU
		{896D6874-D6BD-4377-93D8-DDF753D2F981}.Debug|Any CPU.Build.0 = Debug|Any CPU
		{896D6874-D6BD-4377-93D8-DDF753D2F981}.Release|Any CPU.ActiveCfg = Release|Any CPU
		{896D6874-D6BD-4377-93D8-DDF753D2F981}.Release|Any CPU.Build.0 = Release|Any CPU
	EndGlobalSection
	GlobalSection(SolutionProperties) = preSolution
		HideSolutionNode = FALSE
	EndGlobalSection
	GlobalSection(ExtensibilityGlobals) = postSolution
		SolutionGuid = {D6523129-46B5-4E74-931B-DAE7DB86E4F8}
	EndGlobalSection
EndGlobal
